
Microsoft Visual Studio Solution File, Format Version 12.00
# Visual Studio Version 17
VisualStudioVersion = 17.4.33403.182
MinimumVisualStudioVersion = 10.0.40219.1
Project("{FAE04EC0-301F-11D3-BF4B-00C04F79EFBC}") = "AllClassSample001", "AllClassSample001\AllClassSample001.csproj", "{CEB6F2C4-8CC4-40D6-A4F7-88DB60AEBB77}"
EndProject
Project("{FAE04EC0-301F-11D3-BF4B-00C04F79EFBC}") = "AllClassSample002", "AllClassSample002\AllClassSample002.csproj", "{CF5D4D1B-BB01-44F8-9B24-855EE21F4FBA}"
EndProject
Global
	GlobalSection(SolutionConfigurationPlatforms) = preSolution
		Debug|Any CPU = Debug|Any CPU
		Release|Any CPU = Release|Any CPU
	EndGlobalSection
	GlobalSection(ProjectConfigurationPlatforms) = postSolution
		{CEB6F2C4-8CC4-40D6-A4F7-88DB60AEBB77}.Debug|Any CPU.ActiveCfg = Debug|Any CPU
		{CEB6F2C4-8CC4-40D6-A4F7-88DB60AEBB77}.Debug|Any CPU.Build.0 = Debug|Any CPU
		{CEB6F2C4-8CC4-40D6-A4F7-88DB60AEBB77}.Release|Any CPU.ActiveCfg = Release|Any CPU
		{CEB6F2C4-8CC4-40D6-A4F7-88DB60AEBB77}.Release|Any CPU.Build.0 = Release|Any CPU
		{CF5D4D1B-BB01-44F8-9B24-855EE21F4FBA}.Debug|Any CPU.ActiveCfg = Debug|Any CPU
		{CF5D4D1B-BB01-44F8-9B24-855EE21F4FBA}.Debug|Any CPU.Build.0 = Debug|Any CPU
		{CF5D4D1B-BB01-44F8-9B24-855EE21F4FBA}.Release|Any CPU.ActiveCfg = Release|Any CPU
		{CF5D4D1B-BB01-44F8-9B24-855EE21F4FBA}.Release|Any CPU.Build.0 = Release|Any CPU
	EndGlobalSection
	GlobalSection(SolutionProperties) = preSolution
		HideSolutionNode = FALSE
	EndGlobalSection
	GlobalSection(ExtensibilityGlobals) = postSolution
		SolutionGuid = {49182278-BCA8-4729-A689-4CA6253041C0}
	EndGlobalSection
EndGlobal
